
Microsoft Visual Studio Solution File, Format Version 12.00
# Visual Studio 2012
Project("{FAE04EC0-301F-11D3-BF4B-00C04F79EFBC}") = "Moonshine.MVC", "Moonshine.MVC\Moonshine.MVC.csproj", "{EC718847-A2A8-4E96-B707-A1B722536CB5}"
EndProject
Project("{FAE04EC0-301F-11D3-BF4B-00C04F79EFBC}") = "Moonshine.Aggregator", "Moonshine.Aggregator\Moonshine.Aggregator.csproj", "{C06A209E-8716-4701-AC72-C1BA445F5343}"
EndProject
Global
	GlobalSection(SolutionConfigurationPlatforms) = preSolution
		Debug|Any CPU = Debug|Any CPU
		Release|Any CPU = Release|Any CPU
	EndGlobalSection
	GlobalSection(ProjectConfigurationPlatforms) = postSolution
		{EC718847-A2A8-4E96-B707-A1B722536CB5}.Debug|Any CPU.ActiveCfg = Debug|Any CPU
		{EC718847-A2A8-4E96-B707-A1B722536CB5}.Debug|Any CPU.Build.0 = Debug|Any CPU
		{EC718847-A2A8-4E96-B707-A1B722536CB5}.Release|Any CPU.ActiveCfg = Release|Any CPU
		{EC718847-A2A8-4E96-B707-A1B722536CB5}.Release|Any CPU.Build.0 = Release|Any CPU
		{C06A209E-8716-4701-AC72-C1BA445F5343}.Debug|Any CPU.ActiveCfg = Debug|Any CPU
		{C06A209E-8716-4701-AC72-C1BA445F5343}.Debug|Any CPU.Build.0 = Debug|Any CPU
		{C06A209E-8716-4701-AC72-C1BA445F5343}.Release|Any CPU.ActiveCfg = Release|Any CPU
		{C06A209E-8716-4701-AC72-C1BA445F5343}.Release|Any CPU.Build.0 = Release|Any CPU
	EndGlobalSection
	GlobalSection(SolutionProperties) = preSolution
		HideSolutionNode = FALSE
	EndGlobalSection
EndGlobal
